
Microsoft Visual Studio Solution File, Format Version 12.00
# Visual Studio 15
VisualStudioVersion = 15.0.26124.0
MinimumVisualStudioVersion = 15.0.26124.0
Project("{FAE04EC0-301F-11D3-BF4B-00C04F79EFBC}") = "ForceToolkitForNET", "ForceToolkitForNET\ForceToolkitForNET.csproj", "{557C1C7D-B9CF-475D-B938-047003142B56}"
EndProject
Project("{FAE04EC0-301F-11D3-BF4B-00C04F79EFBC}") = "CommonLibrariesForNET", "CommonLibrariesForNET\CommonLibrariesForNET.csproj", "{D759EF69-D74C-4429-B3A0-CA7D879AE561}"
EndProject
Project("{FAE04EC0-301F-11D3-BF4B-00C04F79EFBC}") = "ChatterToolkitForNET", "ChatterToolkitForNET\ChatterToolkitForNET.csproj", "{9D998DDE-14CC-4D2C-ABB6-1F2D34AE3F6F}"
EndProject
Global
	GlobalSection(SolutionConfigurationPlatforms) = preSolution
		Debug|Any CPU = Debug|Any CPU
		Debug|x64 = Debug|x64
		Debug|x86 = Debug|x86
		Release|Any CPU = Release|Any CPU
		Release|x64 = Release|x64
		Release|x86 = Release|x86
	EndGlobalSection
	GlobalSection(SolutionProperties) = preSolution
		HideSolutionNode = FALSE
	EndGlobalSection
	GlobalSection(ProjectConfigurationPlatforms) = postSolution
		{557C1C7D-B9CF-475D-B938-047003142B56}.Debug|Any CPU.ActiveCfg = Debug|Any CPU
		{557C1C7D-B9CF-475D-B938-047003142B56}.Debug|Any CPU.Build.0 = Debug|Any CPU
		{557C1C7D-B9CF-475D-B938-047003142B56}.Debug|x64.ActiveCfg = Debug|Any CPU
		{557C1C7D-B9CF-475D-B938-047003142B56}.Debug|x64.Build.0 = Debug|Any CPU
		{557C1C7D-B9CF-475D-B938-047003142B56}.Debug|x86.ActiveCfg = Debug|Any CPU
		{557C1C7D-B9CF-475D-B938-047003142B56}.Debug|x86.Build.0 = Debug|Any CPU
		{557C1C7D-B9CF-475D-B938-047003142B56}.Release|Any CPU.ActiveCfg = Release|Any CPU
		{557C1C7D-B9CF-475D-B938-047003142B56}.Release|Any CPU.Build.0 = Release|Any CPU
		{557C1C7D-B9CF-475D-B938-047003142B56}.Release|x64.ActiveCfg = Release|Any CPU
		{557C1C7D-B9CF-475D-B938-047003142B56}.Release|x64.Build.0 = Release|Any CPU
		{557C1C7D-B9CF-475D-B938-047003142B56}.Release|x86.ActiveCfg = Release|Any CPU
		{557C1C7D-B9CF-475D-B938-047003142B56}.Release|x86.Build.0 = Release|Any CPU
		{D759EF69-D74C-4429-B3A0-CA7D879AE561}.Debug|Any CPU.ActiveCfg = Debug|Any CPU
		{D759EF69-D74C-4429-B3A0-CA7D879AE561}.Debug|Any CPU.Build.0 = Debug|Any CPU
		{D759EF69-D74C-4429-B3A0-CA7D879AE561}.Debug|x64.ActiveCfg = Debug|Any CPU
		{D759EF69-D74C-4429-B3A0-CA7D879AE561}.Debug|x64.Build.0 = Debug|Any CPU
		{D759EF69-D74C-4429-B3A0-CA7D879AE561}.Debug|x86.ActiveCfg = Debug|Any CPU
		{D759EF69-D74C-4429-B3A0-CA7D879AE561}.Debug|x86.Build.0 = Debug|Any CPU
		{D759EF69-D74C-4429-B3A0-CA7D879AE561}.Release|Any CPU.ActiveCfg = Release|Any CPU
		{D759EF69-D74C-4429-B3A0-CA7D879AE561}.Release|Any CPU.Build.0 = Release|Any CPU
		{D759EF69-D74C-4429-B3A0-CA7D879AE561}.Release|x64.ActiveCfg = Release|Any CPU
		{D759EF69-D74C-4429-B3A0-CA7D879AE561}.Release|x64.Build.0 = Release|Any CPU
		{D759EF69-D74C-4429-B3A0-CA7D879AE561}.Release|x86.ActiveCfg = Release|Any CPU
		{D759EF69-D74C-4429-B3A0-CA7D879AE561}.Release|x86.Build.0 = Release|Any CPU
		{9D998DDE-14CC-4D2C-ABB6-1F2D34AE3F6F}.Debug|Any CPU.ActiveCfg = Debug|Any CPU
		{9D998DDE-14CC-4D2C-ABB6-1F2D34AE3F6F}.Debug|Any CPU.Build.0 = Debug|Any CPU
		{9D998DDE-14CC-4D2C-ABB6-1F2D34AE3F6F}.Debug|x64.ActiveCfg = Debug|Any CPU
		{9D998DDE-14CC-4D2C-ABB6-1F2D34AE3F6F}.Debug|x64.Build.0 = Debug|Any CPU
		{9D998DDE-14CC-4D2C-ABB6-1F2D34AE3F6F}.Debug|x86.ActiveCfg = Debug|Any CPU
		{9D998DDE-14CC-4D2C-ABB6-1F2D34AE3F6F}.Debug|x86.Build.0 = Debug|Any CPU
		{9D998DDE-14CC-4D2C-ABB6-1F2D34AE3F6F}.Release|Any CPU.ActiveCfg = Release|Any CPU
		{9D998DDE-14CC-4D2C-ABB6-1F2D34AE3F6F}.Release|Any CPU.Build.0 = Release|Any CPU
		{9D998DDE-14CC-4D2C-ABB6-1F2D34AE3F6F}.Release|x64.ActiveCfg = Release|Any CPU
		{9D998DDE-14CC-4D2C-ABB6-1F2D34AE3F6F}.Release|x64.Build.0 = Release|Any CPU
		{9D998DDE-14CC-4D2C-ABB6-1F2D34AE3F6F}.Release|x86.ActiveCfg = Release|Any CPU
		{9D998DDE-14CC-4D2C-ABB6-1F2D34AE3F6F}.Release|x86.Build.0 = Release|Any CPU
	EndGlobalSection
EndGlobal
